version = 1
revision = 3
requires-python = ">=3.12"

[[package]]
name = "cocotb"
version = "2.0.1"
source = { registry = "https://pypi.org/simple" }
dependencies = [
    { name = "find-libpython" },
]
sdist = { url = "https://files.pythonhosted.org/packages/28/f1/40b6086c1bba60cc7c59ff40815b35a5c364711d1ee86c878a296b0a963b/cocotb-2.0.1.tar.gz", hash = "sha256:69887748412ff43e98f8579ad6c0da1f6ff19a94d0c3b4d6da472d8e86784e82", size = 318250, upload-time = "2025-11-15T12:45:24.01Z" }
wheels = [
    { url = "https://files.pythonhosted.org/packages/f0/f4/551d7c120861d165f2b6216da743f52f2542c82fecf2efc57244ff727725/cocotb-2.0.1-cp312-cp312-macosx_10_9_x86_64.whl", hash = "sha256:5a197c451312333170119378d796a29a6c9413e6283e9de3614c4f35af6e9d1f", size = 652791, upload-time = "2025-11-15T12:44:28.016Z" },
    { url = "https://files.pythonhosted.org/packages/b1/61/0b9b123e19a015d023dc1bccc9e258c762495ae025e50e400c20bbe44514/cocotb-2.0.1-cp312-cp312-macosx_11_0_arm64.whl", hash = "sha256:ca491be0eff5cfa2a16f19aeb1aa62967a9d40b0882e32636ffd517c12c1f289", size = 626744, upload-time = "2025-11-15T12:44:29.572Z" },
    { url = "https://files.pythonhosted.org/packages/80/73/c83f71f926e382fe5251e55473fd6549d41bec1731f0a2fba67f387f1522/cocotb-2.0.1-cp312-cp312-manylinux_2_17_x86_64.manylinux2014_x86_64.whl", hash = "sha256:4fd0ae786019d18e7195a1186f93bff5afcda7b5aba8de710d3e74182e57a116", size = 4552834, upload-time = "2025-11-15T12:44:31.354Z" },
    { url = "https://files.pythonhosted.org/packages/76/d4/c232bc4425b947830c57bf03c6a5bc2221c5143af394171ed00cdc873301/cocotb-2.0.1-cp312-cp312-manylinux_2_5_i686.manylinux1_i686.manylinux_2_17_i686.manylinux2014_i686.whl", hash = "sha256:3a2df61424b355899cab0f252b14f69d5c2c6b1c9422b2a4152eaa3fd169a9d6", size = 4430676, upload-time = "2025-11-15T12:44:33.548Z" },
    { url = "https://files.pythonhosted.org/packages/7f/1a/ccb2ea752a309da0a4964decdbc28c5351b6a5515cbb219702105b41f484/cocotb-2.0.1-cp312-cp312-win32.whl", hash = "sha256:5798b47a4df3b4eb17a4b214c889d70d31e710b81a2109538b006569780bd115", size = 579079, upload-time = "2025-11-15T12:44:34.986Z" },
    { url = "https://files.pythonhosted.org/packages/94/2d/caff286087ceef8b514cd490328a8e9b76b36431120555931f2645cf2153/cocotb-2.0.1-cp312-cp312-win_amd64.whl", hash = "sha256:f08b5ef2e59460a0ebee6927a3c92fdb66823278a295df50042a40df3314be8c", size = 621164, upload-time = "2025-11-15T12:44:36.577Z" },
    { url = "https://files.pythonhosted.org/packages/d1/ca/539c3f34a8b44c34ec4ea282cc643323166c2b590afb40d7ed70b917d781/cocotb-2.0.1-cp313-cp313-macosx_10_13_x86_64.whl", hash = "sha256:1564125b6ace66b3f350d083a97308249c247515891487b56e527d9a4e7ebb0a", size = 644950, upload-time = "2025-11-15T12:44:38.054Z" },
    { url = "https://files.pythonhosted.org/packages/65/dc/dec80c9e5ed4bf8d517d6a2482d00d7be9e0a7ab2be7fccc291f14eb35e1/cocotb-2.0.1-cp313-cp313-macosx_11_0_arm64.whl", hash = "sha256:be9d205fd5976cad89888dc394a91315037ccb7e684cd9f1a09f52509199cadf", size = 626748, upload-time = "2025-11-15T12:44:39.475Z" },
    { url = "https://files.pythonhosted.org/packages/fa/09/002ce8787c7b2f88a7f139242a2781ee07fa63ff337600b23a07a83c9564/cocotb-2.0.1-cp313-cp313-manylinux_2_17_x86_64.manylinux2014_x86_64.whl", hash = "sha256:9236df78a8fcdecb09a0916300c55ce1ab7a92fc67ac09b22f63ff592a47232e", size = 4552510, upload-time = "2025-11-15T12:44:41.563Z" },
    { url = "https://files.pythonhosted.org/packages/ae/6d/13de0eb3a1fd94db7457ed71289fecc91407a5d9444bba9d9e1e341a5a60/cocotb-2.0.1-cp313-cp313-manylinux_2_5_i686.manylinux1_i686.manylinux_2_17_i686.manylinux2014_i686.whl", hash = "sha256:fed79b086414ac2d5faa1eff74b7533cb46404dfcd5a8e52cdffaeecdf98033a", size = 4430345, upload-time = "2025-11-15T12:44:43.612Z" },
    { url = "https://files.pythonhosted.org/packages/2f/4f/bfa12c4f38951584f2942d30e0dd40a2897a4d2ea6c01d9d50d175633845/cocotb-2.0.1-cp313-cp313-win32.whl", hash = "sha256:ad5ed2c7ced2c8088d9ee8bd0c0d4497297248d76698c2940e978d5e54dbed33", size = 579105, upload-time = "2025-11-15T12:44:45.118Z" },
    { url = "https://files.pythonhosted.org/packages/6a/d3/91d12e4b8c7b05bed87b53552d4f0d2a28b3de23730ba20b1e0fd88961f2/cocotb-2.0.1-cp313-cp313-win_amd64.whl", hash = "sha256:d1329c0efc1b460f12f8c76e5d030322adb4e89bc48f70c6f0805535d6eb1b10", size = 621171, upload-time = "2025-11-15T12:44:46.414Z" },
]

[[package]]
name = "colorama"
version = "0.4.6"
source = { registry = "https://pypi.org/simple" }
sdist = { url = "https://files.pythonhosted.org/packages/d8/53/6f443c9a4a8358a93a6792e2acffb9d9d5cb0a5cfd8802644b7b1c9a02e4/colorama-0.4.6.tar.gz", hash = "sha256:08695f5cb7ed6e0531a20572697297273c47b8cae5a63ffc6d6ed5c201be6e44", size = 27697, upload-time = "2022-10-25T02:36:22.414Z" }
wheels = [
    { url = "https://files.pythonhosted.org/packages/d1/d6/3965ed04c63042e047cb6a3e6ed1a63a35087b6a609aa3a15ed8ac56c221/colorama-0.4.6-py2.py3-none-any.whl", hash = "sha256:4f1d9991f5acc0ca119f9d443620b77f9d6b33703e51011c16baf57afb285fc6", size = 25335, upload-time = "2022-10-25T02:36:20.889Z" },
]

[[package]]
name = "find-libpython"
version = "0.5.0"
source = { registry = "https://pypi.org/simple" }
sdist = { url = "https://files.pythonhosted.org/packages/f9/46/c466b94830bb77ef1e715d869246b9f8e111f9b2f4de2c60d4de1b986779/find_libpython-0.5.0.tar.gz", hash = "sha256:4e4e0ffcad3bfaf2af9461b359329b8736e3f721dc375da7c167aff383e56be1", size = 9364, upload-time = "2025-10-04T19:50:32.499Z" }
wheels = [
    { url = "https://files.pythonhosted.org/packages/a7/3f/0eb94bfca99e54404901536ea8c80ddacff4953257514c6b8fb01f9a75a8/find_libpython-0.5.0-py3-none-any.whl", hash = "sha256:7690dcf6442cdce39c0df191903fd5ecf9af437fa920effb6569fbf2c8ca8ab4", size = 9194, upload-time = "2025-10-04T19:50:31.229Z" },
]

[[package]]
name = "iniconfig"
version = "2.3.0"
source = { registry = "https://pypi.org/simple" }
sdist = { url = "https://files.pythonhosted.org/packages/72/34/14ca021ce8e5dfedc35312d08ba8bf51fdd999c576889fc2c24cb97f4f10/iniconfig-2.3.0.tar.gz", hash = "sha256:c76315c77db068650d49c5b56314774a7804df16fee4402c1f19d6d15d8c4730", size = 20503, upload-time = "2025-10-18T21:55:43.219Z" }
wheels = [
    { url = "https://files.pythonhosted.org/packages/cb/b1/3846dd7f199d53cb17f49cba7e651e9ce294d8497c8c150530ed11865bb8/iniconfig-2.3.0-py3-none-any.whl", hash = "sha256:f631c04d2c48c52b84d0d0549c99ff3859c98df65b3101406327ecc7d53fbf12", size = 7484, upload-time = "2025-10-18T21:55:41.639Z" },
]

[[package]]
name = "packaging"
version = "25.0"
source = { registry = "https://pypi.org/simple" }
sdist = { url = "https://files.pythonhosted.org/packages/a1/d4/1fc4078c65507b51b96ca8f8c3ba19e6a61c8253c72794544580a7b6c24d/packaging-25.0.tar.gz", hash = "sha256:d443872c98d677bf60f6a1f2f8c1cb748e8fe762d2bf9d3148b5599295b0fc4f", size = 165727, upload-time = "2025-04-19T11:48:59.673Z" }
wheels = [
    { url = "https://files.pythonhosted.org/packages/20/12/38679034af332785aac8774540895e234f4d07f7545804097de4b666afd8/packaging-25.0-py3-none-any.whl", hash = "sha256:29572ef2b1f17581046b3a2227d5c611fb25ec70ca1ba8554b24b0e69331a484", size = 66469, upload-time = "2025-04-19T11:48:57.875Z" },
]

[[package]]
name = "pluggy"
version = "1.6.0"
source = { registry = "https://pypi.org/simple" }
sdist = { url = "https://files.pythonhosted.org/packages/f9/e2/3e91f31a7d2b083fe6ef3fa267035b518369d9511ffab804f839851d2779/pluggy-1.6.0.tar.gz", hash = "sha256:7dcc130b76258d33b90f61b658791dede3486c3e6bfb003ee5c9bfb396dd22f3", size = 69412, upload-time = "2025-05-15T12:30:07.975Z" }
wheels = [
    { url = "https://files.pythonhosted.org/packages/54/20/4d324d65cc6d9205fabedc306948156824eb9f0ee1633355a8f7ec5c66bf/pluggy-1.6.0-py3-none-any.whl", hash = "sha256:e920276dd6813095e9377c0bc5566d94c932c33b27a3e3945d8389c374dd4746", size = 20538, upload-time = "2025-05-15T12:30:06.134Z" },
]

[[package]]
name = "pygments"
version = "2.19.2"
source = { registry = "https://pypi.org/simple" }
sdist = { url = "https://files.pythonhosted.org/packages/b0/77/a5b8c569bf593b0140bde72ea885a803b82086995367bf2037de0159d924/pygments-2.19.2.tar.gz", hash = "sha256:636cb2477cec7f8952536970bc533bc43743542f70392ae026374600add5b887", size = 4968631, upload-time = "2025-06-21T13:39:12.283Z" }
wheels = [
    { url = "https://files.pythonhosted.org/packages/c7/21/705964c7812476f378728bdf590ca4b771ec72385c533964653c68e86bdc/pygments-2.19.2-py3-none-any.whl", hash = "sha256:86540386c03d588bb81d44bc3928634ff26449851e99741617ecb9037ee5ec0b", size = 1225217, upload-time = "2025-06-21T13:39:07.939Z" },
]

[[package]]
name = "pytest"
version = "9.0.2"
source = { registry = "https://pypi.org/simple" }
dependencies = [
    { name = "colorama", marker = "sys_platform == 'win32'" },
    { name = "iniconfig" },
    { name = "packaging" },
    { name = "pluggy" },
    { name = "pygments" },
]
sdist = { url = "https://files.pythonhosted.org/packages/d1/db/7ef3487e0fb0049ddb5ce41d3a49c235bf9ad299b6a25d5780a89f19230f/pytest-9.0.2.tar.gz", hash = "sha256:75186651a92bd89611d1d9fc20f0b4345fd827c41ccd5c299a868a05d70edf11", size = 1568901, upload-time = "2025-12-06T21:30:51.014Z" }
wheels = [
    { url = "https://files.pythonhosted.org/packages/3b/ab/b3226f0bd7cdcf710fbede2b3548584366da3b19b5021e74f5bde2a8fa3f/pytest-9.0.2-py3-none-any.whl", hash = "sha256:711ffd45bf766d5264d487b917733b453d917afd2b0ad65223959f59089f875b", size = 374801, upload-time = "2025-12-06T21:30:49.154Z" },
]

[[package]]
name = "rrt-fpga-verilog-test"
version = "0.1.0"
source = { virtual = "." }
dependencies = [
    { name = "cocotb" },
    { name = "pytest" },
]

[package.metadata]
requires-dist = [
    { name = "cocotb", specifier = ">=2.0.1" },
    { name = "pytest", specifier = ">=9.0.2" },
]
